
Microsoft Visual Studio Solution File, Format Version 12.00
# Visual Studio Version 17
VisualStudioVersion = 17.4.33205.214
MinimumVisualStudioVersion = 10.0.40219.1
Project("{FAE04EC0-301F-11D3-BF4B-00C04F79EFBC}") = "HPlusSportTDD.Core.Tests", "HPlusSportTDD.Core.Tests\HPlusSportTDD.Core.Tests.csproj", "{671BB7DD-D229-4A25-8369-5B587CD4AA52}"
EndProject
Global
	GlobalSection(SolutionConfigurationPlatforms) = preSolution
		Debug|Any CPU = Debug|Any CPU
		Release|Any CPU = Release|Any CPU
	EndGlobalSection
	GlobalSection(ProjectConfigurationPlatforms) = postSolution
		{671BB7DD-D229-4A25-8369-5B587CD4AA52}.Debug|Any CPU.ActiveCfg = Debug|Any CPU
		{671BB7DD-D229-4A25-8369-5B587CD4AA52}.Debug|Any CPU.Build.0 = Debug|Any CPU
		{671BB7DD-D229-4A25-8369-5B587CD4AA52}.Release|Any CPU.ActiveCfg = Release|Any CPU
		{671BB7DD-D229-4A25-8369-5B587CD4AA52}.Release|Any CPU.Build.0 = Release|Any CPU
	EndGlobalSection
	GlobalSection(SolutionProperties) = preSolution
		HideSolutionNode = FALSE
	EndGlobalSection
	GlobalSection(ExtensibilityGlobals) = postSolution
		SolutionGuid = {62DF22E3-E84D-4158-ADAD-6B9900438392}
	EndGlobalSection
EndGlobal
